// !$*UTF8*$!
{
	archiveVersion = 1;
	classes = {
	};
	objectVersion = 50;
	objects = {

/* Begin PBXBuildFile section */
		1756FD74212564830020130B /* AppDelegate.m in Sources */ = {isa = PBXBuildFile; fileRef = 1756FD73212564830020130B /* AppDelegate.m */; };
		1756FD77212564830020130B /* ViewController.m in Sources */ = {isa = PBXBuildFile; fileRef = 1756FD76212564830020130B /* ViewController.m */; };
		1756FD7A212564830020130B /* Main.storyboard in Resources */ = {isa = PBXBuildFile; fileRef = 1756FD78212564830020130B /* Main.storyboard */; };
		1756FD7D212564830020130B /* XYCountryCode.xcdatamodeld in Sources */ = {isa = PBXBuildFile; fileRef = 1756FD7B212564830020130B /* XYCountryCode.xcdatamodeld */; };
		1756FD7F212564850020130B /* Assets.xcassets in Resources */ = {isa = PBXBuildFile; fileRef = 1756FD7E212564850020130B /* Assets.xcassets */; };
		1756FD82212564850020130B /* LaunchScreen.storyboard in Resources */ = {isa = PBXBuildFile; fileRef = 1756FD80212564850020130B /* LaunchScreen.storyboard */; };
		1756FD85212564850020130B /* main.m in Sources */ = {isa = PBXBuildFile; fileRef = 1756FD84212564850020130B /* main.m */; };
		1756FD8F212564850020130B /* XYCountryCodeTests.m in Sources */ = {isa = PBXBuildFile; fileRef = 1756FD8E212564850020130B /* XYCountryCodeTests.m */; };
		1756FD9A212564850020130B /* XYCountryCodeUITests.m in Sources */ = {isa = PBXBuildFile; fileRef = 1756FD99212564850020130B /* XYCountryCodeUITests.m */; };
		1756FDAA212564C40020130B /* XYCountryCode.bundle in Resources */ = {isa = PBXBuildFile; fileRef = 1756FDA9212564C30020130B /* XYCountryCode.bundle */; };
		1756FDAD2125650A0020130B /* XYCountryCodeViewController.m in Sources */ = {isa = PBXBuildFile; fileRef = 1756FDAC2125650A0020130B /* XYCountryCodeViewController.m */; };
		17FA7CCE21256A8C00B60216 /* XYCountryCodeUtils.m in Sources */ = {isa = PBXBuildFile; fileRef = 17FA7CCD21256A8C00B60216 /* XYCountryCodeUtils.m */; };
		17FA7CD121256A9F00B60216 /* XYCountry.m in Sources */ = {isa = PBXBuildFile; fileRef = 17FA7CD021256A9F00B60216 /* XYCountry.m */; };
		17FA7CD42125722500B60216 /* XYCountryManager.m in Sources */ = {isa = PBXBuildFile; fileRef = 17FA7CD32125722500B60216 /* XYCountryManager.m */; };
		406E57E22697ECAB00D4B778 /* XYColor+UIColor.m in Sources */ = {isa = PBXBuildFile; fileRef = 406E57E12697ECAB00D4B778 /* XYColor+UIColor.m */; };
		406E57E42697EDA000D4B778 /* XYColor.xcassets in Resources */ = {isa = PBXBuildFile; fileRef = 406E57E32697EDA000D4B778 /* XYColor.xcassets */; };
/* End PBXBuildFile section */

/* Begin PBXContainerItemProxy section */
		1756FD8B212564850020130B /* PBXContainerItemProxy */ = {
			isa = PBXContainerItemProxy;
			containerPortal = 1756FD67212564830020130B /* Project object */;
			proxyType = 1;
			remoteGlobalIDString = 1756FD6E212564830020130B;
			remoteInfo = XYCountryCode;
		};
		1756FD96212564850020130B /* PBXContainerItemProxy */ = {
			isa = PBXContainerItemProxy;
			containerPortal = 1756FD67212564830020130B /* Project object */;
			proxyType = 1;
			remoteGlobalIDString = 1756FD6E212564830020130B;
			remoteInfo = XYCountryCode;
		};
/* End PBXContainerItemProxy section */

/* Begin PBXFileReference section */
		1756FD6F212564830020130B /* XYCountryCode.app */ = {isa = PBXFileReference; explicitFileType = wrapper.application; includeInIndex = 0; path = XYCountryCode.app; sourceTree = BUILT_PRODUCTS_DIR; };
		1756FD72212564830020130B /* AppDelegate.h */ = {isa = PBXFileReference; lastKnownFileType = sourcecode.c.h; path = AppDelegate.h; sourceTree = "<group>"; };
		1756FD73212564830020130B /* AppDelegate.m */ = {isa = PBXFileReference; lastKnownFileType = sourcecode.c.objc; path = AppDelegate.m; sourceTree = "<group>"; };
		1756FD75212564830020130B /* ViewController.h */ = {isa = PBXFileReference; lastKnownFileType = sourcecode.c.h; path = ViewController.h; sourceTree = "<group>"; };
		1756FD76212564830020130B /* ViewController.m */ = {isa = PBXFileReference; lastKnownFileType = sourcecode.c.objc; path = ViewController.m; sourceTree = "<group>"; };
		1756FD79212564830020130B /* Base */ = {isa = PBXFileReference; lastKnownFileType = file.storyboard; name = Base; path = Base.lproj/Main.storyboard; sourceTree = "<group>"; };
		1756FD7C212564830020130B /* XYCountryCode.xcdatamodel */ = {isa = PBXFileReference; lastKnownFileType = wrapper.xcdatamodel; path = XYCountryCode.xcdatamodel; sourceTree = "<group>"; };
		1756FD7E212564850020130B /* Assets.xcassets */ = {isa = PBXFileReference; lastKnownFileType = folder.assetcatalog; path = Assets.xcassets; sourceTree = "<group>"; };
		1756FD81212564850020130B /* Base */ = {isa = PBXFileReference; lastKnownFileType = file.storyboard; name = Base; path = Base.lproj/LaunchScreen.storyboard; sourceTree = "<group>"; };
		1756FD83212564850020130B /* Info.plist */ = {isa = PBXFileReference; lastKnownFileType = text.plist.xml; path = Info.plist; sourceTree = "<group>"; };
		1756FD84212564850020130B /* main.m */ = {isa = PBXFileReference; lastKnownFileType = sourcecode.c.objc; path = main.m; sourceTree = "<group>"; };
		1756FD8A212564850020130B /* XYCountryCodeTests.xctest */ = {isa = PBXFileReference; explicitFileType = wrapper.cfbundle; includeInIndex = 0; path = XYCountryCodeTests.xctest; sourceTree = BUILT_PRODUCTS_DIR; };
		1756FD8E212564850020130B /* XYCountryCodeTests.m */ = {isa = PBXFileReference; lastKnownFileType = sourcecode.c.objc; path = XYCountryCodeTests.m; sourceTree = "<group>"; };
		1756FD90212564850020130B /* Info.plist */ = {isa = PBXFileReference; lastKnownFileType = text.plist.xml; path = Info.plist; sourceTree = "<group>"; };
		1756FD95212564850020130B /* XYCountryCodeUITests.xctest */ = {isa = PBXFileReference; explicitFileType = wrapper.cfbundle; includeInIndex = 0; path = XYCountryCodeUITests.xctest; sourceTree = BUILT_PRODUCTS_DIR; };
		1756FD99212564850020130B /* XYCountryCodeUITests.m */ = {isa = PBXFileReference; lastKnownFileType = sourcecode.c.objc; path = XYCountryCodeUITests.m; sourceTree = "<group>"; };
		1756FD9B212564850020130B /* Info.plist */ = {isa = PBXFileReference; lastKnownFileType = text.plist.xml; path = Info.plist; sourceTree = "<group>"; };
		1756FDA9212564C30020130B /* XYCountryCode.bundle */ = {isa = PBXFileReference; lastKnownFileType = "wrapper.plug-in"; path = XYCountryCode.bundle; sourceTree = "<group>"; };
		1756FDAB2125650A0020130B /* XYCountryCodeViewController.h */ = {isa = PBXFileReference; lastKnownFileType = sourcecode.c.h; path = XYCountryCodeViewController.h; sourceTree = "<group>"; };
		1756FDAC2125650A0020130B /* XYCountryCodeViewController.m */ = {isa = PBXFileReference; lastKnownFileType = sourcecode.c.objc; path = XYCountryCodeViewController.m; sourceTree = "<group>"; };
		17FA7CCC21256A8C00B60216 /* XYCountryCodeUtils.h */ = {isa = PBXFileReference; lastKnownFileType = sourcecode.c.h; path = XYCountryCodeUtils.h; sourceTree = "<group>"; };
		17FA7CCD21256A8C00B60216 /* XYCountryCodeUtils.m */ = {isa = PBXFileReference; lastKnownFileType = sourcecode.c.objc; path = XYCountryCodeUtils.m; sourceTree = "<group>"; };
		17FA7CCF21256A9F00B60216 /* XYCountry.h */ = {isa = PBXFileReference; lastKnownFileType = sourcecode.c.h; path = XYCountry.h; sourceTree = "<group>"; };
		17FA7CD021256A9F00B60216 /* XYCountry.m */ = {isa = PBXFileReference; lastKnownFileType = sourcecode.c.objc; path = XYCountry.m; sourceTree = "<group>"; };
		17FA7CD22125722500B60216 /* XYCountryManager.h */ = {isa = PBXFileReference; lastKnownFileType = sourcecode.c.h; path = XYCountryManager.h; sourceTree = "<group>"; };
		17FA7CD32125722500B60216 /* XYCountryManager.m */ = {isa = PBXFileReference; lastKnownFileType = sourcecode.c.objc; path = XYCountryManager.m; sourceTree = "<group>"; };
		406E57E02697ECAB00D4B778 /* XYColor+UIColor.h */ = {isa = PBXFileReference; lastKnownFileType = sourcecode.c.h; path = "XYColor+UIColor.h"; sourceTree = "<group>"; };
		406E57E12697ECAB00D4B778 /* XYColor+UIColor.m */ = {isa = PBXFileReference; lastKnownFileType = sourcecode.c.objc; path = "XYColor+UIColor.m"; sourceTree = "<group>"; };
		406E57E32697EDA000D4B778 /* XYColor.xcassets */ = {isa = PBXFileReference; lastKnownFileType = folder.assetcatalog; path = XYColor.xcassets; sourceTree = "<group>"; };
/* End PBXFileReference section */

/* Begin PBXFrameworksBuildPhase section */
		1756FD6C212564830020130B /* Frameworks */ = {
			isa = PBXFrameworksBuildPhase;
			buildActionMask = 2147483647;
			files = (
			);
			runOnlyForDeploymentPostprocessing = 0;
		};
		1756FD87212564850020130B /* Frameworks */ = {
			isa = PBXFrameworksBuildPhase;
			buildActionMask = 2147483647;
			files = (
			);
			runOnlyForDeploymentPostprocessing = 0;
		};
		1756FD92212564850020130B /* Frameworks */ = {
			isa = PBXFrameworksBuildPhase;
			buildActionMask = 2147483647;
			files = (
			);
			runOnlyForDeploymentPostprocessing = 0;
		};
/* End PBXFrameworksBuildPhase section */

/* Begin PBXGroup section */
		1756FD66212564830020130B = {
			isa = PBXGroup;
			children = (
				1756FD71212564830020130B /* XYCountryCode */,
				1756FD8D212564850020130B /* XYCountryCodeTests */,
				1756FD98212564850020130B /* XYCountryCodeUITests */,
				1756FD70212564830020130B /* Products */,
			);
			sourceTree = "<group>";
		};
		1756FD70212564830020130B /* Products */ = {
			isa = PBXGroup;
			children = (
				1756FD6F212564830020130B /* XYCountryCode.app */,
				1756FD8A212564850020130B /* XYCountryCodeTests.xctest */,
				1756FD95212564850020130B /* XYCountryCodeUITests.xctest */,
			);
			name = Products;
			sourceTree = "<group>";
		};
		1756FD71212564830020130B /* XYCountryCode */ = {
			isa = PBXGroup;
			children = (
				1756FD72212564830020130B /* AppDelegate.h */,
				1756FD73212564830020130B /* AppDelegate.m */,
				1756FD75212564830020130B /* ViewController.h */,
				1756FD76212564830020130B /* ViewController.m */,
				1756FD78212564830020130B /* Main.storyboard */,
				1756FD7E212564850020130B /* Assets.xcassets */,
				1756FD80212564850020130B /* LaunchScreen.storyboard */,
				1756FD83212564850020130B /* Info.plist */,
				1756FDA72125649D0020130B /* XYCountryCode */,
				1756FD84212564850020130B /* main.m */,
				1756FD7B212564830020130B /* XYCountryCode.xcdatamodeld */,
			);
			path = XYCountryCode;
			sourceTree = "<group>";
		};
		1756FD8D212564850020130B /* XYCountryCodeTests */ = {
			isa = PBXGroup;
			children = (
				1756FD8E212564850020130B /* XYCountryCodeTests.m */,
				1756FD90212564850020130B /* Info.plist */,
			);
			path = XYCountryCodeTests;
			sourceTree = "<group>";
		};
		1756FD98212564850020130B /* XYCountryCodeUITests */ = {
			isa = PBXGroup;
			children = (
				1756FD99212564850020130B /* XYCountryCodeUITests.m */,
				1756FD9B212564850020130B /* Info.plist */,
			);
			path = XYCountryCodeUITests;
			sourceTree = "<group>";
		};
		1756FDA72125649D0020130B /* XYCountryCode */ = {
			isa = PBXGroup;
			children = (
				1756FDA8212564B60020130B /* res */,
				1756FDAB2125650A0020130B /* XYCountryCodeViewController.h */,
				1756FDAC2125650A0020130B /* XYCountryCodeViewController.m */,
				17FA7CCC21256A8C00B60216 /* XYCountryCodeUtils.h */,
				17FA7CCD21256A8C00B60216 /* XYCountryCodeUtils.m */,
				17FA7CCF21256A9F00B60216 /* XYCountry.h */,
				17FA7CD021256A9F00B60216 /* XYCountry.m */,
				17FA7CD22125722500B60216 /* XYCountryManager.h */,
				17FA7CD32125722500B60216 /* XYCountryManager.m */,
				406E57E02697ECAB00D4B778 /* XYColor+UIColor.h */,
				406E57E12697ECAB00D4B778 /* XYColor+UIColor.m */,
			);
			path = XYCountryCode;
			sourceTree = "<group>";
		};
		1756FDA8212564B60020130B /* res */ = {
			isa = PBXGroup;
			children = (
				406E57E32697EDA000D4B778 /* XYColor.xcassets */,
				1756FDA9212564C30020130B /* XYCountryCode.bundle */,
			);
			path = res;
			sourceTree = "<group>";
		};
/* End PBXGroup section */

/* Begin PBXNativeTarget section */
		1756FD6E212564830020130B /* XYCountryCode */ = {
			isa = PBXNativeTarget;
			buildConfigurationList = 1756FD9E212564850020130B /* Build configuration list for PBXNativeTarget "XYCountryCode" */;
			buildPhases = (
				1756FD6B212564830020130B /* Sources */,
				1756FD6C212564830020130B /* Frameworks */,
				1756FD6D212564830020130B /* Resources */,
			);
			buildRules = (
			);
			dependencies = (
			);
			name = XYCountryCode;
			productName = XYCountryCode;
			productReference = 1756FD6F212564830020130B /* XYCountryCode.app */;
			productType = "com.apple.product-type.application";
		};
		1756FD89212564850020130B /* XYCountryCodeTests */ = {
			isa = PBXNativeTarget;
			buildConfigurationList = 1756FDA1212564850020130B /* Build configuration list for PBXNativeTarget "XYCountryCodeTests" */;
			buildPhases = (
				1756FD86212564850020130B /* Sources */,
				1756FD87212564850020130B /* Frameworks */,
				1756FD88212564850020130B /* Resources */,
			);
			buildRules = (
			);
			dependencies = (
				1756FD8C212564850020130B /* PBXTargetDependency */,
			);
			name = XYCountryCodeTests;
			productName = XYCountryCodeTests;
			productReference = 1756FD8A212564850020130B /* XYCountryCodeTests.xctest */;
			productType = "com.apple.product-type.bundle.unit-test";
		};
		1756FD94212564850020130B /* XYCountryCodeUITests */ = {
			isa = PBXNativeTarget;
			buildConfigurationList = 1756FDA4212564850020130B /* Build configuration list for PBXNativeTarget "XYCountryCodeUITests" */;
			buildPhases = (
				1756FD91212564850020130B /* Sources */,
				1756FD92212564850020130B /* Frameworks */,
				1756FD93212564850020130B /* Resources */,
			);
			buildRules = (
			);
			dependencies = (
				1756FD97212564850020130B /* PBXTargetDependency */,
			);
			name = XYCountryCodeUITests;
			productName = XYCountryCodeUITests;
			productReference = 1756FD95212564850020130B /* XYCountryCodeUITests.xctest */;
			productType = "com.apple.product-type.bundle.ui-testing";
		};
/* End PBXNativeTarget section */

/* Begin PBXProject section */
		1756FD67212564830020130B /* Project object */ = {
			isa = PBXProject;
			attributes = {
				LastUpgradeCheck = 0940;
				ORGANIZATIONNAME = "杨卢银";
				TargetAttributes = {
					1756FD6E212564830020130B = {
						CreatedOnToolsVersion = 9.4.1;
					};
					1756FD89212564850020130B = {
						CreatedOnToolsVersion = 9.4.1;
						TestTargetID = 1756FD6E212564830020130B;
					};
					1756FD94212564850020130B = {
						CreatedOnToolsVersion = 9.4.1;
						TestTargetID = 1756FD6E212564830020130B;
					};
				};
			};
			buildConfigurationList = 1756FD6A212564830020130B /* Build configuration list for PBXProject "XYCountryCode" */;
			compatibilityVersion = "Xcode 9.3";
			developmentRegion = en;
			hasScannedForEncodings = 0;
			knownRegions = (
				en,
				Base,
			);
			mainGroup = 1756FD66212564830020130B;
			productRefGroup = 1756FD70212564830020130B /* Products */;
			projectDirPath = "";
			projectRoot = "";
			targets = (
				1756FD6E212564830020130B /* XYCountryCode */,
				1756FD89212564850020130B /* XYCountryCodeTests */,
				1756FD94212564850020130B /* XYCountryCodeUITests */,
			);
		};
/* End PBXProject section */

/* Begin PBXResourcesBuildPhase section */
		1756FD6D212564830020130B /* Resources */ = {
			isa = PBXResourcesBuildPhase;
			buildActionMask = 2147483647;
			files = (
				1756FD82212564850020130B /* LaunchScreen.storyboard in Resources */,
				406E57E42697EDA000D4B778 /* XYColor.xcassets in Resources */,
				1756FD7F212564850020130B /* Assets.xcassets in Resources */,
				1756FDAA212564C40020130B /* XYCountryCode.bundle in Resources */,
				1756FD7A212564830020130B /* Main.storyboard in Resources */,
			);
			runOnlyForDeploymentPostprocessing = 0;
		};
		1756FD88212564850020130B /* Resources */ = {
			isa = PBXResourcesBuildPhase;
			buildActionMask = 2147483647;
			files = (
			);
			runOnlyForDeploymentPostprocessing = 0;
		};
		1756FD93212564850020130B /* Resources */ = {
			isa = PBXResourcesBuildPhase;
			buildActionMask = 2147483647;
			files = (
			);
			runOnlyForDeploymentPostprocessing = 0;
		};
/* End PBXResourcesBuildPhase section */

/* Begin PBXSourcesBuildPhase section */
		1756FD6B212564830020130B /* Sources */ = {
			isa = PBXSourcesBuildPhase;
			buildActionMask = 2147483647;
			files = (
				1756FD77212564830020130B /* ViewController.m in Sources */,
				1756FD7D212564830020130B /* XYCountryCode.xcdatamodeld in Sources */,
				17FA7CD121256A9F00B60216 /* XYCountry.m in Sources */,
				17FA7CCE21256A8C00B60216 /* XYCountryCodeUtils.m in Sources */,
				1756FD85212564850020130B /* main.m in Sources */,
				406E57E22697ECAB00D4B778 /* XYColor+UIColor.m in Sources */,
				17FA7CD42125722500B60216 /* XYCountryManager.m in Sources */,
				1756FD74212564830020130B /* AppDelegate.m in Sources */,
				1756FDAD2125650A0020130B /* XYCountryCodeViewController.m in Sources */,
			);
			runOnlyForDeploymentPostprocessing = 0;
		};
		1756FD86212564850020130B /* Sources */ = {
			isa = PBXSourcesBuildPhase;
			buildActionMask = 2147483647;
			files = (
				1756FD8F212564850020130B /* XYCountryCodeTests.m in Sources */,
			);
			runOnlyForDeploymentPostprocessing = 0;
		};
		1756FD91212564850020130B /* Sources */ = {
			isa = PBXSourcesBuildPhase;
			buildActionMask = 2147483647;
			files = (
				1756FD9A212564850020130B /* XYCountryCodeUITests.m in Sources */,
			);
			runOnlyForDeploymentPostprocessing = 0;
		};
/* End PBXSourcesBuildPhase section */

/* Begin PBXTargetDependency section */
		1756FD8C212564850020130B /* PBXTargetDependency */ = {
			isa = PBXTargetDependency;
			target = 1756FD6E212564830020130B /* XYCountryCode */;
			targetProxy = 1756FD8B212564850020130B /* PBXContainerItemProxy */;
		};
		1756FD97212564850020130B /* PBXTargetDependency */ = {
			isa = PBXTargetDependency;
			target = 1756FD6E212564830020130B /* XYCountryCode */;
			targetProxy = 1756FD96212564850020130B /* PBXContainerItemProxy */;
		};
/* End PBXTargetDependency section */

/* Begin PBXVariantGroup section */
		1756FD78212564830020130B /* Main.storyboard */ = {
			isa = PBXVariantGroup;
			children = (
				1756FD79212564830020130B /* Base */,
			);
			name = Main.storyboard;
			sourceTree = "<group>";
		};
		1756FD80212564850020130B /* LaunchScreen.storyboard */ = {
			isa = PBXVariantGroup;
			children = (
				1756FD81212564850020130B /* Base */,
			);
			name = LaunchScreen.storyboard;
			sourceTree = "<group>";
		};
/* End PBXVariantGroup section */

/* Begin XCBuildConfiguration section */
		1756FD9C212564850020130B /* Debug */ = {
			isa = XCBuildConfiguration;
			buildSettings = {
				ALWAYS_SEARCH_USER_PATHS = NO;
				CLANG_ANALYZER_NONNULL = YES;
				CLANG_ANALYZER_NUMBER_OBJECT_CONVERSION = YES_AGGRESSIVE;
				CLANG_CXX_LANGUAGE_STANDARD = "gnu++14";
				CLANG_CXX_LIBRARY = "libc++";
				CLANG_ENABLE_MODULES = YES;
				CLANG_ENABLE_OBJC_ARC = YES;
				CLANG_ENABLE_OBJC_WEAK = YES;
				CLANG_WARN_BLOCK_CAPTURE_AUTORELEASING = YES;
				CLANG_WARN_BOOL_CONVERSION = YES;
				CLANG_WARN_COMMA = YES;
				CLANG_WARN_CONSTANT_CONVERSION = YES;
				CLANG_WARN_DEPRECATED_OBJC_IMPLEMENTATIONS = YES;
				CLANG_WARN_DIRECT_OBJC_ISA_USAGE = YES_ERROR;
				CLANG_WARN_DOCUMENTATION_COMMENTS = YES;
				CLANG_WARN_EMPTY_BODY = YES;
				CLANG_WARN_ENUM_CONVERSION = YES;
				CLANG_WARN_INFINITE_RECURSION = YES;
				CLANG_WARN_INT_CONVERSION = YES;
				CLANG_WARN_NON_LITERAL_NULL_CONVERSION = YES;
				CLANG_WARN_OBJC_IMPLICIT_RETAIN_SELF = YES;
				CLANG_WARN_OBJC_LITERAL_CONVERSION = YES;
				CLANG_WARN_OBJC_ROOT_CLASS = YES_ERROR;
				CLANG_WARN_RANGE_LOOP_ANALYSIS = YES;
				CLANG_WARN_STRICT_PROTOTYPES = YES;
				CLANG_WARN_SUSPICIOUS_MOVE = YES;
				CLANG_WARN_UNGUARDED_AVAILABILITY = YES_AGGRESSIVE;
				CLANG_WARN_UNREACHABLE_CODE = YES;
				CLANG_WARN__DUPLICATE_METHOD_MATCH = YES;
				CODE_SIGN_IDENTITY = "iPhone Developer";
				COPY_PHASE_STRIP = NO;
				DEBUG_INFORMATION_FORMAT = dwarf;
				ENABLE_STRICT_OBJC_MSGSEND = YES;
				ENABLE_TESTABILITY = YES;
				GCC_C_LANGUAGE_STANDARD = gnu11;
				GCC_DYNAMIC_NO_PIC = NO;
				GCC_NO_COMMON_BLOCKS = YES;
				GCC_OPTIMIZATION_LEVEL = 0;
				GCC_PREPROCESSOR_DEFINITIONS = (
					"DEBUG=1",
					"$(inherited)",
				);
				GCC_WARN_64_TO_32_BIT_CONVERSION = YES;
				GCC_WARN_ABOUT_RETURN_TYPE = YES_ERROR;
				GCC_WARN_UNDECLARED_SELECTOR = YES;
				GCC_WARN_UNINITIALIZED_AUTOS = YES_AGGRESSIVE;
				GCC_WARN_UNUSED_FUNCTION = YES;
				GCC_WARN_UNUSED_VARIABLE = YES;
				IPHONEOS_DEPLOYMENT_TARGET = 8.0;
				MTL_ENABLE_DEBUG_INFO = YES;
				ONLY_ACTIVE_ARCH = YES;
				SDKROOT = iphoneos;
			};
			name = Debug;
		};
		1756FD9D212564850020130B /* Release */ = {
			isa = XCBuildConfiguration;
			buildSettings = {
				ALWAYS_SEARCH_USER_PATHS = NO;
				CLANG_ANALYZER_NONNULL = YES;
				CLANG_ANALYZER_NUMBER_OBJECT_CONVERSION = YES_AGGRESSIVE;
				CLANG_CXX_LANGUAGE_STANDARD = "gnu++14";
				CLANG_CXX_LIBRARY = "libc++";
				CLANG_ENABLE_MODULES = YES;
				CLANG_ENABLE_OBJC_ARC = YES;
				CLANG_ENABLE_OBJC_WEAK = YES;
				CLANG_WARN_BLOCK_CAPTURE_AUTORELEASING = YES;
				CLANG_WARN_BOOL_CONVERSION = YES;
				CLANG_WARN_COMMA = YES;
				CLANG_WARN_CONSTANT_CONVERSION = YES;
				CLANG_WARN_DEPRECATED_OBJC_IMPLEMENTATIONS = YES;
				CLANG_WARN_DIRECT_OBJC_ISA_USAGE = YES_ERROR;
				CLANG_WARN_DOCUMENTATION_COMMENTS = YES;
				CLANG_WARN_EMPTY_BODY = YES;
				CLANG_WARN_ENUM_CONVERSION = YES;
				CLANG_WARN_INFINITE_RECURSION = YES;
				CLANG_WARN_INT_CONVERSION = YES;
				CLANG_WARN_NON_LITERAL_NULL_CONVERSION = YES;
				CLANG_WARN_OBJC_IMPLICIT_RETAIN_SELF = YES;
				CLANG_WARN_OBJC_LITERAL_CONVERSION = YES;
				CLANG_WARN_OBJC_ROOT_CLASS = YES_ERROR;
				CLANG_WARN_RANGE_LOOP_ANALYSIS = YES;
				CLANG_WARN_STRICT_PROTOTYPES = YES;
				CLANG_WARN_SUSPICIOUS_MOVE = YES;
				CLANG_WARN_UNGUARDED_AVAILABILITY = YES_AGGRESSIVE;
				CLANG_WARN_UNREACHABLE_CODE = YES;
				CLANG_WARN__DUPLICATE_METHOD_MATCH = YES;
				CODE_SIGN_IDENTITY = "iPhone Developer";
				COPY_PHASE_STRIP = NO;
				DEBUG_INFORMATION_FORMAT = "dwarf-with-dsym";
				ENABLE_NS_ASSERTIONS = NO;
				ENABLE_STRICT_OBJC_MSGSEND = YES;
				GCC_C_LANGUAGE_STANDARD = gnu11;
				GCC_NO_COMMON_BLOCKS = YES;
				GCC_WARN_64_TO_32_BIT_CONVERSION = YES;
				GCC_WARN_ABOUT_RETURN_TYPE = YES_ERROR;
				GCC_WARN_UNDECLARED_SELECTOR = YES;
				GCC_WARN_UNINITIALIZED_AUTOS = YES_AGGRESSIVE;
				GCC_WARN_UNUSED_FUNCTION = YES;
				GCC_WARN_UNUSED_VARIABLE = YES;
				IPHONEOS_DEPLOYMENT_TARGET = 8.0;
				MTL_ENABLE_DEBUG_INFO = NO;
				SDKROOT = iphoneos;
				VALIDATE_PRODUCT = YES;
			};
			name = Release;
		};
		1756FD9F212564850020130B /* Debug */ = {
			isa = XCBuildConfiguration;
			buildSettings = {
				ASSETCATALOG_COMPILER_APPICON_NAME = AppIcon;
				CODE_SIGN_STYLE = Manual;
				DEVELOPMENT_TEAM = PS3YZT8DSP;
				INFOPLIST_FILE = XYCountryCode/Info.plist;
				IPHONEOS_DEPLOYMENT_TARGET = 8.0;
				LD_RUNPATH_SEARCH_PATHS = (
					"$(inherited)",
					"@executable_path/Frameworks",
				);
				PRODUCT_BUNDLE_IDENTIFIER = com.xllyll.ios.XYCountryCode;
				PRODUCT_NAME = "$(TARGET_NAME)";
				PROVISIONING_PROFILE = "21b49d58-99cd-4a14-b25e-9c443a5272b9";
				PROVISIONING_PROFILE_SPECIFIER = "XC-DEV";
				TARGETED_DEVICE_FAMILY = "1,2";
			};
			name = Debug;
		};
		1756FDA0212564850020130B /* Release */ = {
			isa = XCBuildConfiguration;
			buildSettings = {
				ASSETCATALOG_COMPILER_APPICON_NAME = AppIcon;
				CODE_SIGN_IDENTITY = "iPhone Distribution";
				CODE_SIGN_STYLE = Manual;
				DEVELOPMENT_TEAM = PS3YZT8DSP;
				INFOPLIST_FILE = XYCountryCode/Info.plist;
				IPHONEOS_DEPLOYMENT_TARGET = 8.0;
				LD_RUNPATH_SEARCH_PATHS = (
					"$(inherited)",
					"@executable_path/Frameworks",
				);
				PRODUCT_BUNDLE_IDENTIFIER = com.xllyll.ios.XYCountryCode;
				PRODUCT_NAME = "$(TARGET_NAME)";
				PROVISIONING_PROFILE = "6dbaf6e1-9a53-4ef7-9cfd-ac9f5a32b9d9";
				PROVISIONING_PROFILE_SPECIFIER = "XC-HOC";
				TARGETED_DEVICE_FAMILY = "1,2";
			};
			name = Release;
		};
		1756FDA2212564850020130B /* Debug */ = {
			isa = XCBuildConfiguration;
			buildSettings = {
				BUNDLE_LOADER = "$(TEST_HOST)";
				CODE_SIGN_STYLE = Automatic;
				INFOPLIST_FILE = XYCountryCodeTests/Info.plist;
				LD_RUNPATH_SEARCH_PATHS = (
					"$(inherited)",
					"@executable_path/Frameworks",
					"@loader_path/Frameworks",
				);
				PRODUCT_BUNDLE_IDENTIFIER = com.xllyll.ios.XYCountryCodeTests;
				PRODUCT_NAME = "$(TARGET_NAME)";
				TARGETED_DEVICE_FAMILY = "1,2";
				TEST_HOST = "$(BUILT_PRODUCTS_DIR)/XYCountryCode.app/XYCountryCode";
			};
			name = Debug;
		};
		1756FDA3212564850020130B /* Release */ = {
			isa = XCBuildConfiguration;
			buildSettings = {
				BUNDLE_LOADER = "$(TEST_HOST)";
				CODE_SIGN_STYLE = Automatic;
				INFOPLIST_FILE = XYCountryCodeTests/Info.plist;
				LD_RUNPATH_SEARCH_PATHS = (
					"$(inherited)",
					"@executable_path/Frameworks",
					"@loader_path/Frameworks",
				);
				PRODUCT_BUNDLE_IDENTIFIER = com.xllyll.ios.XYCountryCodeTests;
				PRODUCT_NAME = "$(TARGET_NAME)";
				TARGETED_DEVICE_FAMILY = "1,2";
				TEST_HOST = "$(BUILT_PRODUCTS_DIR)/XYCountryCode.app/XYCountryCode";
			};
			name = Release;
		};
		1756FDA5212564850020130B /* Debug */ = {
			isa = XCBuildConfiguration;
			buildSettings = {
				CODE_SIGN_STYLE = Automatic;
				INFOPLIST_FILE = XYCountryCodeUITests/Info.plist;
				LD_RUNPATH_SEARCH_PATHS = (
					"$(inherited)",
					"@executable_path/Frameworks",
					"@loader_path/Frameworks",
				);
				PRODUCT_BUNDLE_IDENTIFIER = com.xllyll.ios.XYCountryCodeUITests;
				PRODUCT_NAME = "$(TARGET_NAME)";
				TARGETED_DEVICE_FAMILY = "1,2";
				TEST_TARGET_NAME = XYCountryCode;
			};
			name = Debug;
		};
		1756FDA6212564850020130B /* Release */ = {
			isa = XCBuildConfiguration;
			buildSettings = {
				CODE_SIGN_STYLE = Automatic;
				INFOPLIST_FILE = XYCountryCodeUITests/Info.plist;
				LD_RUNPATH_SEARCH_PATHS = (
					"$(inherited)",
					"@executable_path/Frameworks",
					"@loader_path/Frameworks",
				);
				PRODUCT_BUNDLE_IDENTIFIER = com.xllyll.ios.XYCountryCodeUITests;
				PRODUCT_NAME = "$(TARGET_NAME)";
				TARGETED_DEVICE_FAMILY = "1,2";
				TEST_TARGET_NAME = XYCountryCode;
			};
			name = Release;
		};
/* End XCBuildConfiguration section */

/* Begin XCConfigurationList section */
		1756FD6A212564830020130B /* Build configuration list for PBXProject "XYCountryCode" */ = {
			isa = XCConfigurationList;
			buildConfigurations = (
				1756FD9C212564850020130B /* Debug */,
				1756FD9D212564850020130B /* Release */,
			);
			defaultConfigurationIsVisible = 0;
			defaultConfigurationName = Release;
		};
		1756FD9E212564850020130B /* Build configuration list for PBXNativeTarget "XYCountryCode" */ = {
			isa = XCConfigurationList;
			buildConfigurations = (
				1756FD9F212564850020130B /* Debug */,
				1756FDA0212564850020130B /* Release */,
			);
			defaultConfigurationIsVisible = 0;
			defaultConfigurationName = Release;
		};
		1756FDA1212564850020130B /* Build configuration list for PBXNativeTarget "XYCountryCodeTests" */ = {
			isa = XCConfigurationList;
			buildConfigurations = (
				1756FDA2212564850020130B /* Debug */,
				1756FDA3212564850020130B /* Release */,
			);
			defaultConfigurationIsVisible = 0;
			defaultConfigurationName = Release;
		};
		1756FDA4212564850020130B /* Build configuration list for PBXNativeTarget "XYCountryCodeUITests" */ = {
			isa = XCConfigurationList;
			buildConfigurations = (
				1756FDA5212564850020130B /* Debug */,
				1756FDA6212564850020130B /* Release */,
			);
			defaultConfigurationIsVisible = 0;
			defaultConfigurationName = Release;
		};
/* End XCConfigurationList section */

/* Begin XCVersionGroup section */
		1756FD7B212564830020130B /* XYCountryCode.xcdatamodeld */ = {
			isa = XCVersionGroup;
			children = (
				1756FD7C212564830020130B /* XYCountryCode.xcdatamodel */,
			);
			currentVersion = 1756FD7C212564830020130B /* XYCountryCode.xcdatamodel */;
			path = XYCountryCode.xcdatamodeld;
			sourceTree = "<group>";
			versionGroupType = wrapper.xcdatamodel;
		};
/* End XCVersionGroup section */
	};
	rootObject = 1756FD67212564830020130B /* Project object */;
}
